// !$*UTF8*$!
{
	archiveVersion = 1;
	classes = {
	};
	objectVersion = 46;
	objects = {

/* Begin PBXBuildFile section */
		856583481D06501C006D87EF /* PCArticleViewController.m in Sources */ = {isa = PBXBuildFile; fileRef = 8565832A1D06501C006D87EF /* PCArticleViewController.m */; };
		856583491D06501C006D87EF /* PCAppBanner.m in Sources */ = {isa = PBXBuildFile; fileRef = 8565832D1D06501C006D87EF /* PCAppBanner.m */; };
		8565834A1D06501C006D87EF /* PCArticle.m in Sources */ = {isa = PBXBuildFile; fileRef = 8565832F1D06501C006D87EF /* PCArticle.m */; };
		8565834B1D06501C006D87EF /* PCArticleTableViewCell.m in Sources */ = {isa = PBXBuildFile; fileRef = 856583321D06501C006D87EF /* PCArticleTableViewCell.m */; };
		8565834C1D06501C006D87EF /* PCArticleTableViewCell.xib in Resources */ = {isa = PBXBuildFile; fileRef = 856583331D06501C006D87EF /* PCArticleTableViewCell.xib */; };
		8565834D1D06501C006D87EF /* PCBaseViewController.m in Sources */ = {isa = PBXBuildFile; fileRef = 856583371D06501C006D87EF /* PCBaseViewController.m */; };
		8565834E1D06501C006D87EF /* PCTabBarController.m in Sources */ = {isa = PBXBuildFile; fileRef = 856583391D06501C006D87EF /* PCTabBarController.m */; };
		8565834F1D06501C006D87EF /* PCCategory.m in Sources */ = {isa = PBXBuildFile; fileRef = 8565833C1D06501C006D87EF /* PCCategory.m */; };
		856583501D06501C006D87EF /* PCRequestTool.m in Sources */ = {isa = PBXBuildFile; fileRef = 856583411D06501C006D87EF /* PCRequestTool.m */; };
		856583511D06501C006D87EF /* PCVideoViewController.m in Sources */ = {isa = PBXBuildFile; fileRef = 856583451D06501C006D87EF /* PCVideoViewController.m */; };
		858551771D01AA2300D03CB0 /* DPAPI.m in Sources */ = {isa = PBXBuildFile; fileRef = 858550EC1D01AA2200D03CB0 /* DPAPI.m */; };
		858551781D01AA2300D03CB0 /* DPRequest.m in Sources */ = {isa = PBXBuildFile; fileRef = 858550EF1D01AA2200D03CB0 /* DPRequest.m */; };
		858551941D01AA2300D03CB0 /* Foundation+Log.m in Sources */ = {isa = PBXBuildFile; fileRef = 858551241D01AA2300D03CB0 /* Foundation+Log.m */; };
		858551951D01AA2300D03CB0 /* MBProgressHUD.m in Sources */ = {isa = PBXBuildFile; fileRef = 858551271D01AA2300D03CB0 /* MBProgressHUD.m */; };
		858551961D01AA2300D03CB0 /* MJRefreshAutoFooter.m in Sources */ = {isa = PBXBuildFile; fileRef = 8585512B1D01AA2300D03CB0 /* MJRefreshAutoFooter.m */; };
		858551971D01AA2300D03CB0 /* MJRefreshBackFooter.m in Sources */ = {isa = PBXBuildFile; fileRef = 8585512D1D01AA2300D03CB0 /* MJRefreshBackFooter.m */; };
		858551981D01AA2300D03CB0 /* MJRefreshComponent.m in Sources */ = {isa = PBXBuildFile; fileRef = 8585512F1D01AA2300D03CB0 /* MJRefreshComponent.m */; };
		858551991D01AA2300D03CB0 /* MJRefreshFooter.m in Sources */ = {isa = PBXBuildFile; fileRef = 858551311D01AA2300D03CB0 /* MJRefreshFooter.m */; };
		8585519A1D01AA2300D03CB0 /* MJRefreshHeader.m in Sources */ = {isa = PBXBuildFile; fileRef = 858551331D01AA2300D03CB0 /* MJRefreshHeader.m */; };
		8585519B1D01AA2300D03CB0 /* MJRefreshAutoGifFooter.m in Sources */ = {isa = PBXBuildFile; fileRef = 858551381D01AA2300D03CB0 /* MJRefreshAutoGifFooter.m */; };
		8585519C1D01AA2300D03CB0 /* MJRefreshAutoNormalFooter.m in Sources */ = {isa = PBXBuildFile; fileRef = 8585513A1D01AA2300D03CB0 /* MJRefreshAutoNormalFooter.m */; };
		8585519D1D01AA2300D03CB0 /* MJRefreshAutoStateFooter.m in Sources */ = {isa = PBXBuildFile; fileRef = 8585513C1D01AA2300D03CB0 /* MJRefreshAutoStateFooter.m */; };
		8585519E1D01AA2300D03CB0 /* MJRefreshBackGifFooter.m in Sources */ = {isa = PBXBuildFile; fileRef = 8585513F1D01AA2300D03CB0 /* MJRefreshBackGifFooter.m */; };
		8585519F1D01AA2300D03CB0 /* MJRefreshBackNormalFooter.m in Sources */ = {isa = PBXBuildFile; fileRef = 858551411D01AA2300D03CB0 /* MJRefreshBackNormalFooter.m */; };
		858551A01D01AA2300D03CB0 /* MJRefreshBackStateFooter.m in Sources */ = {isa = PBXBuildFile; fileRef = 858551431D01AA2300D03CB0 /* MJRefreshBackStateFooter.m */; };
		858551A11D01AA2300D03CB0 /* MJRefreshGifHeader.m in Sources */ = {isa = PBXBuildFile; fileRef = 858551461D01AA2300D03CB0 /* MJRefreshGifHeader.m */; };
		858551A21D01AA2300D03CB0 /* MJRefreshNormalHeader.m in Sources */ = {isa = PBXBuildFile; fileRef = 858551481D01AA2300D03CB0 /* MJRefreshNormalHeader.m */; };
		858551A31D01AA2300D03CB0 /* MJRefreshStateHeader.m in Sources */ = {isa = PBXBuildFile; fileRef = 8585514A1D01AA2300D03CB0 /* MJRefreshStateHeader.m */; };
		858551A41D01AA2300D03CB0 /* MJRefresh.bundle in Resources */ = {isa = PBXBuildFile; fileRef = 8585514B1D01AA2300D03CB0 /* MJRefresh.bundle */; };
		858551A51D01AA2300D03CB0 /* MJRefreshConst.m in Sources */ = {isa = PBXBuildFile; fileRef = 8585514E1D01AA2300D03CB0 /* MJRefreshConst.m */; };
		858551A61D01AA2300D03CB0 /* UIScrollView+MJExtension.m in Sources */ = {isa = PBXBuildFile; fileRef = 858551501D01AA2300D03CB0 /* UIScrollView+MJExtension.m */; };
		858551A71D01AA2300D03CB0 /* UIScrollView+MJRefresh.m in Sources */ = {isa = PBXBuildFile; fileRef = 858551521D01AA2300D03CB0 /* UIScrollView+MJRefresh.m */; };
		858551A81D01AA2300D03CB0 /* UIView+MJExtension.m in Sources */ = {isa = PBXBuildFile; fileRef = 858551541D01AA2300D03CB0 /* UIView+MJExtension.m */; };
		858551BD1D01AA6C00D03CB0 /* UIImage+Circle.m in Sources */ = {isa = PBXBuildFile; fileRef = 858551BA1D01AA6C00D03CB0 /* UIImage+Circle.m */; };
		858551BE1D01AA6C00D03CB0 /* UIView+Extension.m in Sources */ = {isa = PBXBuildFile; fileRef = 858551BC1D01AA6C00D03CB0 /* UIView+Extension.m */; };
		85869C111D124E4500829864 /* PCDisease.m in Sources */ = {isa = PBXBuildFile; fileRef = 85869C101D124E4500829864 /* PCDisease.m */; };
		85869C171D12566900829864 /* PCDiseaseHeaderView.m in Sources */ = {isa = PBXBuildFile; fileRef = 85869C161D12566900829864 /* PCDiseaseHeaderView.m */; };
		85869C191D12567800829864 /* PCDiseaseHeaderView.xib in Resources */ = {isa = PBXBuildFile; fileRef = 85869C181D12567800829864 /* PCDiseaseHeaderView.xib */; };
		85869C1D1D1257A700829864 /* PCDiseaseViewController.m in Sources */ = {isa = PBXBuildFile; fileRef = 85869C1B1D1257A700829864 /* PCDiseaseViewController.m */; };
		85869C261D12645D00829864 /* PCDiseasesTableViewController.m in Sources */ = {isa = PBXBuildFile; fileRef = 85869C251D12645D00829864 /* PCDiseasesTableViewController.m */; };
		85869C2A1D1264B100829864 /* PCDiseaseCell.m in Sources */ = {isa = PBXBuildFile; fileRef = 85869C281D1264B100829864 /* PCDiseaseCell.m */; };
		85869C2B1D1264B100829864 /* PCDiseaseCell.xib in Resources */ = {isa = PBXBuildFile; fileRef = 85869C291D1264B100829864 /* PCDiseaseCell.xib */; };
		85869C311D1283AD00829864 /* PCQuestion.m in Sources */ = {isa = PBXBuildFile; fileRef = 85869C301D1283AD00829864 /* PCQuestion.m */; };
		85869C351D12DE2B00829864 /* PCAskDiagViewController.m in Sources */ = {isa = PBXBuildFile; fileRef = 85869C331D12DE2B00829864 /* PCAskDiagViewController.m */; };
		85869C611D13B7C600829864 /* libxml2.tbd in Frameworks */ = {isa = PBXBuildFile; fileRef = 85869C601D13B7C600829864 /* libxml2.tbd */; };
		859120FD1D182E21004F0DFC /* PCSettings.m in Sources */ = {isa = PBXBuildFile; fileRef = 859120FC1D182E21004F0DFC /* PCSettings.m */; };
		859121001D18C954004F0DFC /* PCMinePage.m in Sources */ = {isa = PBXBuildFile; fileRef = 859120FF1D18C954004F0DFC /* PCMinePage.m */; };
		85C0A0B41D0F9F73003CFF9A /* PCArticlePage.m in Sources */ = {isa = PBXBuildFile; fileRef = 85C0A0B31D0F9F73003CFF9A /* PCArticlePage.m */; };
		85C0A0B81D0FBB79003CFF9A /* PCReadingArticle.m in Sources */ = {isa = PBXBuildFile; fileRef = 85C0A0B61D0FBB79003CFF9A /* PCReadingArticle.m */; };
		85C0A0B91D0FBB79003CFF9A /* PCReadingArticle.xib in Resources */ = {isa = PBXBuildFile; fileRef = 85C0A0B71D0FBB79003CFF9A /* PCReadingArticle.xib */; };
		85C0A0BF1D1021EB003CFF9A /* PCVideoPage.m in Sources */ = {isa = PBXBuildFile; fileRef = 85C0A0BE1D1021EB003CFF9A /* PCVideoPage.m */; };
		85C0A0C21D102225003CFF9A /* PCVideoCell.m in Sources */ = {isa = PBXBuildFile; fileRef = 85C0A0C11D102225003CFF9A /* PCVideoCell.m */; };
		85C0A0C41D102234003CFF9A /* PCVideoCell.xib in Resources */ = {isa = PBXBuildFile; fileRef = 85C0A0C31D102234003CFF9A /* PCVideoCell.xib */; };
		85C0A0C91D1026B6003CFF9A /* PCDiagnoseTableViewController.m in Sources */ = {isa = PBXBuildFile; fileRef = 85C0A0C81D1026B6003CFF9A /* PCDiagnoseTableViewController.m */; };
		85C0A0CC1D103491003CFF9A /* PCNaviViewController.m in Sources */ = {isa = PBXBuildFile; fileRef = 85C0A0CB1D103491003CFF9A /* PCNaviViewController.m */; };
		85C0A0CF1D10379B003CFF9A /* PCSelfDiagViewController.m in Sources */ = {isa = PBXBuildFile; fileRef = 85C0A0CE1D10379B003CFF9A /* PCSelfDiagViewController.m */; };
		85C0A1101D103E2A003CFF9A /* PCDiagnoseCategory.m in Sources */ = {isa = PBXBuildFile; fileRef = 85C0A10F1D103E2A003CFF9A /* PCDiagnoseCategory.m */; };
		85C0A1131D1044E4003CFF9A /* PCSubCategoryView.m in Sources */ = {isa = PBXBuildFile; fileRef = 85C0A1121D1044E4003CFF9A /* PCSubCategoryView.m */; };
		85C0A1151D1044F5003CFF9A /* PCSubCategoryView.xib in Resources */ = {isa = PBXBuildFile; fileRef = 85C0A1141D1044F5003CFF9A /* PCSubCategoryView.xib */; };
		85C0A1181D1045AA003CFF9A /* DiagCategoryCell.m in Sources */ = {isa = PBXBuildFile; fileRef = 85C0A1171D1045AA003CFF9A /* DiagCategoryCell.m */; };
		85C0A11A1D1045B7003CFF9A /* DiagCategoryCell.xib in Resources */ = {isa = PBXBuildFile; fileRef = 85C0A1191D1045B7003CFF9A /* DiagCategoryCell.xib */; };
		85C1345C1D0117BA00F2148B /* main.m in Sources */ = {isa = PBXBuildFile; fileRef = 85C1345B1D0117BA00F2148B /* main.m */; };
		85C1345F1D0117BA00F2148B /* AppDelegate.m in Sources */ = {isa = PBXBuildFile; fileRef = 85C1345E1D0117BA00F2148B /* AppDelegate.m */; };
		85C134621D0117BA00F2148B /* ViewController.m in Sources */ = {isa = PBXBuildFile; fileRef = 85C134611D0117BA00F2148B /* ViewController.m */; };
		85C134651D0117BA00F2148B /* Main.storyboard in Resources */ = {isa = PBXBuildFile; fileRef = 85C134631D0117BA00F2148B /* Main.storyboard */; };
		85C134671D0117BA00F2148B /* Assets.xcassets in Resources */ = {isa = PBXBuildFile; fileRef = 85C134661D0117BA00F2148B /* Assets.xcassets */; };
		85C1346A1D0117BA00F2148B /* LaunchScreen.storyboard in Resources */ = {isa = PBXBuildFile; fileRef = 85C134681D0117BA00F2148B /* LaunchScreen.storyboard */; };
		F0627E3F0F1E838E012642E7 /* libPods-PregnantCare.a in Frameworks */ = {isa = PBXBuildFile; fileRef = 0B61A0E49F6FFA4C9C6F20D5 /* libPods-PregnantCare.a */; };
/* End PBXBuildFile section */

/* Begin PBXFileReference section */
		0B61A0E49F6FFA4C9C6F20D5 /* libPods-PregnantCare.a */ = {isa = PBXFileReference; explicitFileType = archive.ar; includeInIndex = 0; path = "libPods-PregnantCare.a"; sourceTree = BUILT_PRODUCTS_DIR; };
		49701DE5E4FE8B7A1EC165D3 /* Pods-PregnantCare.release.xcconfig */ = {isa = PBXFileReference; includeInIndex = 1; lastKnownFileType = text.xcconfig; name = "Pods-PregnantCare.release.xcconfig"; path = "Pods/Target Support Files/Pods-PregnantCare/Pods-PregnantCare.release.xcconfig"; sourceTree = "<group>"; };
		6FE948D527B54AD09F7B5306 /* Pods-PregnantCare.debug.xcconfig */ = {isa = PBXFileReference; includeInIndex = 1; lastKnownFileType = text.xcconfig; name = "Pods-PregnantCare.debug.xcconfig"; path = "Pods/Target Support Files/Pods-PregnantCare/Pods-PregnantCare.debug.xcconfig"; sourceTree = "<group>"; };
		856583291D06501C006D87EF /* PCArticleViewController.h */ = {isa = PBXFileReference; fileEncoding = 4; lastKnownFileType = sourcecode.c.h; path = PCArticleViewController.h; sourceTree = "<group>"; };
		8565832A1D06501C006D87EF /* PCArticleViewController.m */ = {isa = PBXFileReference; fileEncoding = 4; lastKnownFileType = sourcecode.c.objc; path = PCArticleViewController.m; sourceTree = "<group>"; };
		8565832C1D06501C006D87EF /* PCAppBanner.h */ = {isa = PBXFileReference; fileEncoding = 4; lastKnownFileType = sourcecode.c.h; path = PCAppBanner.h; sourceTree = "<group>"; };
		8565832D1D06501C006D87EF /* PCAppBanner.m */ = {isa = PBXFileReference; fileEncoding = 4; lastKnownFileType = sourcecode.c.objc; path = PCAppBanner.m; sourceTree = "<group>"; };
		8565832E1D06501C006D87EF /* PCArticle.h */ = {isa = PBXFileReference; fileEncoding = 4; lastKnownFileType = sourcecode.c.h; path = PCArticle.h; sourceTree = "<group>"; };
		8565832F1D06501C006D87EF /* PCArticle.m */ = {isa = PBXFileReference; fileEncoding = 4; lastKnownFileType = sourcecode.c.objc; path = PCArticle.m; sourceTree = "<group>"; };
		856583311D06501C006D87EF /* PCArticleTableViewCell.h */ = {isa = PBXFileReference; fileEncoding = 4; lastKnownFileType = sourcecode.c.h; path = PCArticleTableViewCell.h; sourceTree = "<group>"; };
		856583321D06501C006D87EF /* PCArticleTableViewCell.m */ = {isa = PBXFileReference; fileEncoding = 4; lastKnownFileType = sourcecode.c.objc; path = PCArticleTableViewCell.m; sourceTree = "<group>"; };
		856583331D06501C006D87EF /* PCArticleTableViewCell.xib */ = {isa = PBXFileReference; fileEncoding = 4; lastKnownFileType = file.xib; path = PCArticleTableViewCell.xib; sourceTree = "<group>"; };
		856583361D06501C006D87EF /* PCBaseViewController.h */ = {isa = PBXFileReference; fileEncoding = 4; lastKnownFileType = sourcecode.c.h; path = PCBaseViewController.h; sourceTree = "<group>"; };
		856583371D06501C006D87EF /* PCBaseViewController.m */ = {isa = PBXFileReference; fileEncoding = 4; lastKnownFileType = sourcecode.c.objc; path = PCBaseViewController.m; sourceTree = "<group>"; };
		856583381D06501C006D87EF /* PCTabBarController.h */ = {isa = PBXFileReference; fileEncoding = 4; lastKnownFileType = sourcecode.c.h; path = PCTabBarController.h; sourceTree = "<group>"; };
		856583391D06501C006D87EF /* PCTabBarController.m */ = {isa = PBXFileReference; fileEncoding = 4; lastKnownFileType = sourcecode.c.objc; path = PCTabBarController.m; sourceTree = "<group>"; };
		8565833B1D06501C006D87EF /* PCCategory.h */ = {isa = PBXFileReference; fileEncoding = 4; lastKnownFileType = sourcecode.c.h; path = PCCategory.h; sourceTree = "<group>"; };
		8565833C1D06501C006D87EF /* PCCategory.m */ = {isa = PBXFileReference; fileEncoding = 4; lastKnownFileType = sourcecode.c.objc; path = PCCategory.m; sourceTree = "<group>"; };
		856583401D06501C006D87EF /* PCRequestTool.h */ = {isa = PBXFileReference; fileEncoding = 4; lastKnownFileType = sourcecode.c.h; path = PCRequestTool.h; sourceTree = "<group>"; };
		856583411D06501C006D87EF /* PCRequestTool.m */ = {isa = PBXFileReference; fileEncoding = 4; lastKnownFileType = sourcecode.c.objc; path = PCRequestTool.m; sourceTree = "<group>"; };
		856583441D06501C006D87EF /* PCVideoViewController.h */ = {isa = PBXFileReference; fileEncoding = 4; lastKnownFileType = sourcecode.c.h; path = PCVideoViewController.h; sourceTree = "<group>"; };
		856583451D06501C006D87EF /* PCVideoViewController.m */ = {isa = PBXFileReference; fileEncoding = 4; lastKnownFileType = sourcecode.c.objc; path = PCVideoViewController.m; sourceTree = "<group>"; };
		858550EB1D01AA2200D03CB0 /* DPAPI.h */ = {isa = PBXFileReference; fileEncoding = 4; lastKnownFileType = sourcecode.c.h; path = DPAPI.h; sourceTree = "<group>"; };
		858550EC1D01AA2200D03CB0 /* DPAPI.m */ = {isa = PBXFileReference; fileEncoding = 4; lastKnownFileType = sourcecode.c.objc; path = DPAPI.m; sourceTree = "<group>"; };
		858550ED1D01AA2200D03CB0 /* DPConstants.h */ = {isa = PBXFileReference; fileEncoding = 4; lastKnownFileType = sourcecode.c.h; path = DPConstants.h; sourceTree = "<group>"; };
		858550EE1D01AA2200D03CB0 /* DPRequest.h */ = {isa = PBXFileReference; fileEncoding = 4; lastKnownFileType = sourcecode.c.h; path = DPRequest.h; sourceTree = "<group>"; };
		858550EF1D01AA2200D03CB0 /* DPRequest.m */ = {isa = PBXFileReference; fileEncoding = 4; lastKnownFileType = sourcecode.c.objc; path = DPRequest.m; sourceTree = "<group>"; };
		858551241D01AA2300D03CB0 /* Foundation+Log.m */ = {isa = PBXFileReference; fileEncoding = 4; lastKnownFileType = sourcecode.c.objc; path = "Foundation+Log.m"; sourceTree = "<group>"; };
		858551261D01AA2300D03CB0 /* MBProgressHUD.h */ = {isa = PBXFileReference; fileEncoding = 4; lastKnownFileType = sourcecode.c.h; path = MBProgressHUD.h; sourceTree = "<group>"; };
		858551271D01AA2300D03CB0 /* MBProgressHUD.m */ = {isa = PBXFileReference; fileEncoding = 4; lastKnownFileType = sourcecode.c.objc; path = MBProgressHUD.m; sourceTree = "<group>"; };
		8585512A1D01AA2300D03CB0 /* MJRefreshAutoFooter.h */ = {isa = PBXFileReference; fileEncoding = 4; lastKnownFileType = sourcecode.c.h; path = MJRefreshAutoFooter.h; sourceTree = "<group>"; };
		8585512B1D01AA2300D03CB0 /* MJRefreshAutoFooter.m */ = {isa = PBXFileReference; fileEncoding = 4; lastKnownFileType = sourcecode.c.objc; path = MJRefreshAutoFooter.m; sourceTree = "<group>"; };
		8585512C1D01AA2300D03CB0 /* MJRefreshBackFooter.h */ = {isa = PBXFileReference; fileEncoding = 4; lastKnownFileType = sourcecode.c.h; path = MJRefreshBackFooter.h; sourceTree = "<group>"; };
		8585512D1D01AA2300D03CB0 /* MJRefreshBackFooter.m */ = {isa = PBXFileReference; fileEncoding = 4; lastKnownFileType = sourcecode.c.objc; path = MJRefreshBackFooter.m; sourceTree = "<group>"; };
		8585512E1D01AA2300D03CB0 /* MJRefreshComponent.h */ = {isa = PBXFileReference; fileEncoding = 4; lastKnownFileType = sourcecode.c.h; path = MJRefreshComponent.h; sourceTree = "<group>"; };
		8585512F1D01AA2300D03CB0 /* MJRefreshComponent.m */ = {isa = PBXFileReference; fileEncoding = 4; lastKnownFileType = sourcecode.c.objc; path = MJRefreshComponent.m; sourceTree = "<group>"; };
		858551301D01AA2300D03CB0 /* MJRefreshFooter.h */ = {isa = PBXFileReference; fileEncoding = 4; lastKnownFileType = sourcecode.c.h; path = MJRefreshFooter.h; sourceTree = "<group>"; };
		858551311D01AA2300D03CB0 /* MJRefreshFooter.m */ = {isa = PBXFileReference; fileEncoding = 4; lastKnownFileType = sourcecode.c.objc; path = MJRefreshFooter.m; sourceTree = "<group>"; };
		858551321D01AA2300D03CB0 /* MJRefreshHeader.h */ = {isa = PBXFileReference; fileEncoding = 4; lastKnownFileType = sourcecode.c.h; path = MJRefreshHeader.h; sourceTree = "<group>"; };
		858551331D01AA2300D03CB0 /* MJRefreshHeader.m */ = {isa = PBXFileReference; fileEncoding = 4; lastKnownFileType = sourcecode.c.objc; path = MJRefreshHeader.m; sourceTree = "<group>"; };
		858551371D01AA2300D03CB0 /* MJRefreshAutoGifFooter.h */ = {isa = PBXFileReference; fileEncoding = 4; lastKnownFileType = sourcecode.c.h; path = MJRefreshAutoGifFooter.h; sourceTree = "<group>"; };
		858551381D01AA2300D03CB0 /* MJRefreshAutoGifFooter.m */ = {isa = PBXFileReference; fileEncoding = 4; lastKnownFileType = sourcecode.c.objc; path = MJRefreshAutoGifFooter.m; sourceTree = "<group>"; };
		858551391D01AA2300D03CB0 /* MJRefreshAutoNormalFooter.h */ = {isa = PBXFileReference; fileEncoding = 4; lastKnownFileType = sourcecode.c.h; path = MJRefreshAutoNormalFooter.h; sourceTree = "<group>"; };
		8585513A1D01AA2300D03CB0 /* MJRefreshAutoNormalFooter.m */ = {isa = PBXFileReference; fileEncoding = 4; lastKnownFileType = sourcecode.c.objc; path = MJRefreshAutoNormalFooter.m; sourceTree = "<group>"; };
		8585513B1D01AA2300D03CB0 /* MJRefreshAutoStateFooter.h */ = {isa = PBXFileReference; fileEncoding = 4; lastKnownFileType = sourcecode.c.h; path = MJRefreshAutoStateFooter.h; sourceTree = "<group>"; };
		8585513C1D01AA2300D03CB0 /* MJRefreshAutoStateFooter.m */ = {isa = PBXFileReference; fileEncoding = 4; lastKnownFileType = sourcecode.c.objc; path = MJRefreshAutoStateFooter.m; sourceTree = "<group>"; };
		8585513E1D01AA2300D03CB0 /* MJRefreshBackGifFooter.h */ = {isa = PBXFileReference; fileEncoding = 4; lastKnownFileType = sourcecode.c.h; path = MJRefreshBackGifFooter.h; sourceTree = "<group>"; };
		8585513F1D01AA2300D03CB0 /* MJRefreshBackGifFooter.m */ = {isa = PBXFileReference; fileEncoding = 4; lastKnownFileType = sourcecode.c.objc; path = MJRefreshBackGifFooter.m; sourceTree = "<group>"; };
		858551401D01AA2300D03CB0 /* MJRefreshBackNormalFooter.h */ = {isa = PBXFileReference; fileEncoding = 4; lastKnownFileType = sourcecode.c.h; path = MJRefreshBackNormalFooter.h; sourceTree = "<group>"; };
		858551411D01AA2300D03CB0 /* MJRefreshBackNormalFooter.m */ = {isa = PBXFileReference; fileEncoding = 4; lastKnownFileType = sourcecode.c.objc; path = MJRefreshBackNormalFooter.m; sourceTree = "<group>"; };
		858551421D01AA2300D03CB0 /* MJRefreshBackStateFooter.h */ = {isa = PBXFileReference; fileEncoding = 4; lastKnownFileType = sourcecode.c.h; path = MJRefreshBackStateFooter.h; sourceTree = "<group>"; };
		858551431D01AA2300D03CB0 /* MJRefreshBackStateFooter.m */ = {isa = PBXFileReference; fileEncoding = 4; lastKnownFileType = sourcecode.c.objc; path = MJRefreshBackStateFooter.m; sourceTree = "<group>"; };
		858551451D01AA2300D03CB0 /* MJRefreshGifHeader.h */ = {isa = PBXFileReference; fileEncoding = 4; lastKnownFileType = sourcecode.c.h; path = MJRefreshGifHeader.h; sourceTree = "<group>"; };
		858551461D01AA2300D03CB0 /* MJRefreshGifHeader.m */ = {isa = PBXFileReference; fileEncoding = 4; lastKnownFileType = sourcecode.c.objc; path = MJRefreshGifHeader.m; sourceTree = "<group>"; };
		858551471D01AA2300D03CB0 /* MJRefreshNormalHeader.h */ = {isa = PBXFileReference; fileEncoding = 4; lastKnownFileType = sourcecode.c.h; path = MJRefreshNormalHeader.h; sourceTree = "<group>"; };
		858551481D01AA2300D03CB0 /* MJRefreshNormalHeader.m */ = {isa = PBXFileReference; fileEncoding = 4; lastKnownFileType = sourcecode.c.objc; path = MJRefreshNormalHeader.m; sourceTree = "<group>"; };
		858551491D01AA2300D03CB0 /* MJRefreshStateHeader.h */ = {isa = PBXFileReference; fileEncoding = 4; lastKnownFileType = sourcecode.c.h; path = MJRefreshStateHeader.h; sourceTree = "<group>"; };
		8585514A1D01AA2300D03CB0 /* MJRefreshStateHeader.m */ = {isa = PBXFileReference; fileEncoding = 4; lastKnownFileType = sourcecode.c.objc; path = MJRefreshStateHeader.m; sourceTree = "<group>"; };
		8585514B1D01AA2300D03CB0 /* MJRefresh.bundle */ = {isa = PBXFileReference; lastKnownFileType = "wrapper.plug-in"; path = MJRefresh.bundle; sourceTree = "<group>"; };
		8585514C1D01AA2300D03CB0 /* MJRefresh.h */ = {isa = PBXFileReference; fileEncoding = 4; lastKnownFileType = sourcecode.c.h; path = MJRefresh.h; sourceTree = "<group>"; };
		8585514D1D01AA2300D03CB0 /* MJRefreshConst.h */ = {isa = PBXFileReference; fileEncoding = 4; lastKnownFileType = sourcecode.c.h; path = MJRefreshConst.h; sourceTree = "<group>"; };
		8585514E1D01AA2300D03CB0 /* MJRefreshConst.m */ = {isa = PBXFileReference; fileEncoding = 4; lastKnownFileType = sourcecode.c.objc; path = MJRefreshConst.m; sourceTree = "<group>"; };
		8585514F1D01AA2300D03CB0 /* UIScrollView+MJExtension.h */ = {isa = PBXFileReference; fileEncoding = 4; lastKnownFileType = sourcecode.c.h; path = "UIScrollView+MJExtension.h"; sourceTree = "<group>"; };
		858551501D01AA2300D03CB0 /* UIScrollView+MJExtension.m */ = {isa = PBXFileReference; fileEncoding = 4; lastKnownFileType = sourcecode.c.objc; path = "UIScrollView+MJExtension.m"; sourceTree = "<group>"; };
		858551511D01AA2300D03CB0 /* UIScrollView+MJRefresh.h */ = {isa = PBXFileReference; fileEncoding = 4; lastKnownFileType = sourcecode.c.h; path = "UIScrollView+MJRefresh.h"; sourceTree = "<group>"; };
		858551521D01AA2300D03CB0 /* UIScrollView+MJRefresh.m */ = {isa = PBXFileReference; fileEncoding = 4; lastKnownFileType = sourcecode.c.objc; path = "UIScrollView+MJRefresh.m"; sourceTree = "<group>"; };
		858551531D01AA2300D03CB0 /* UIView+MJExtension.h */ = {isa = PBXFileReference; fileEncoding = 4; lastKnownFileType = sourcecode.c.h; path = "UIView+MJExtension.h"; sourceTree = "<group>"; };
		858551541D01AA2300D03CB0 /* UIView+MJExtension.m */ = {isa = PBXFileReference; fileEncoding = 4; lastKnownFileType = sourcecode.c.objc; path = "UIView+MJExtension.m"; sourceTree = "<group>"; };
		858551B91D01AA6C00D03CB0 /* UIImage+Circle.h */ = {isa = PBXFileReference; fileEncoding = 4; lastKnownFileType = sourcecode.c.h; path = "UIImage+Circle.h"; sourceTree = "<group>"; };
		858551BA1D01AA6C00D03CB0 /* UIImage+Circle.m */ = {isa = PBXFileReference; fileEncoding = 4; lastKnownFileType = sourcecode.c.objc; path = "UIImage+Circle.m"; sourceTree = "<group>"; };
		858551BB1D01AA6C00D03CB0 /* UIView+Extension.h */ = {isa = PBXFileReference; fileEncoding = 4; lastKnownFileType = sourcecode.c.h; path = "UIView+Extension.h"; sourceTree = "<group>"; };
		858551BC1D01AA6C00D03CB0 /* UIView+Extension.m */ = {isa = PBXFileReference; fileEncoding = 4; lastKnownFileType = sourcecode.c.objc; path = "UIView+Extension.m"; sourceTree = "<group>"; };
		858551BF1D01AFF600D03CB0 /* Global.pch */ = {isa = PBXFileReference; lastKnownFileType = sourcecode.c.h; path = Global.pch; sourceTree = "<group>"; };
		85869C0F1D124E4500829864 /* PCDisease.h */ = {isa = PBXFileReference; fileEncoding = 4; lastKnownFileType = sourcecode.c.h; path = PCDisease.h; sourceTree = "<group>"; };
		85869C101D124E4500829864 /* PCDisease.m */ = {isa = PBXFileReference; fileEncoding = 4; lastKnownFileType = sourcecode.c.objc; path = PCDisease.m; sourceTree = "<group>"; };
		85869C151D12566900829864 /* PCDiseaseHeaderView.h */ = {isa = PBXFileReference; fileEncoding = 4; lastKnownFileType = sourcecode.c.h; path = PCDiseaseHeaderView.h; sourceTree = "<group>"; };
		85869C161D12566900829864 /* PCDiseaseHeaderView.m */ = {isa = PBXFileReference; fileEncoding = 4; lastKnownFileType = sourcecode.c.objc; path = PCDiseaseHeaderView.m; sourceTree = "<group>"; };
		85869C181D12567800829864 /* PCDiseaseHeaderView.xib */ = {isa = PBXFileReference; fileEncoding = 4; lastKnownFileType = file.xib; path = PCDiseaseHeaderView.xib; sourceTree = "<group>"; };
		85869C1A1D1257A700829864 /* PCDiseaseViewController.h */ = {isa = PBXFileReference; fileEncoding = 4; lastKnownFileType = sourcecode.c.h; path = PCDiseaseViewController.h; sourceTree = "<group>"; };
		85869C1B1D1257A700829864 /* PCDiseaseViewController.m */ = {isa = PBXFileReference; fileEncoding = 4; lastKnownFileType = sourcecode.c.objc; path = PCDiseaseViewController.m; sourceTree = "<group>"; };
		85869C241D12645D00829864 /* PCDiseasesTableViewController.h */ = {isa = PBXFileReference; fileEncoding = 4; lastKnownFileType = sourcecode.c.h; path = PCDiseasesTableViewController.h; sourceTree = "<group>"; };
		85869C251D12645D00829864 /* PCDiseasesTableViewController.m */ = {isa = PBXFileReference; fileEncoding = 4; lastKnownFileType = sourcecode.c.objc; path = PCDiseasesTableViewController.m; sourceTree = "<group>"; };
		85869C271D1264B100829864 /* PCDiseaseCell.h */ = {isa = PBXFileReference; fileEncoding = 4; lastKnownFileType = sourcecode.c.h; path = PCDiseaseCell.h; sourceTree = "<group>"; };
		85869C281D1264B100829864 /* PCDiseaseCell.m */ = {isa = PBXFileReference; fileEncoding = 4; lastKnownFileType = sourcecode.c.objc; path = PCDiseaseCell.m; sourceTree = "<group>"; };
		85869C291D1264B100829864 /* PCDiseaseCell.xib */ = {isa = PBXFileReference; fileEncoding = 4; lastKnownFileType = file.xib; path = PCDiseaseCell.xib; sourceTree = "<group>"; };
		85869C2F1D1283AD00829864 /* PCQuestion.h */ = {isa = PBXFileReference; fileEncoding = 4; lastKnownFileType = sourcecode.c.h; path = PCQuestion.h; sourceTree = "<group>"; };
		85869C301D1283AD00829864 /* PCQuestion.m */ = {isa = PBXFileReference; fileEncoding = 4; lastKnownFileType = sourcecode.c.objc; path = PCQuestion.m; sourceTree = "<group>"; };
		85869C321D12DE2B00829864 /* PCAskDiagViewController.h */ = {isa = PBXFileReference; fileEncoding = 4; lastKnownFileType = sourcecode.c.h; path = PCAskDiagViewController.h; sourceTree = "<group>"; };
		85869C331D12DE2B00829864 /* PCAskDiagViewController.m */ = {isa = PBXFileReference; fileEncoding = 4; lastKnownFileType = sourcecode.c.objc; path = PCAskDiagViewController.m; sourceTree = "<group>"; };
		85869C601D13B7C600829864 /* libxml2.tbd */ = {isa = PBXFileReference; lastKnownFileType = "sourcecode.text-based-dylib-definition"; name = libxml2.tbd; path = usr/lib/libxml2.tbd; sourceTree = SDKROOT; };
		859120FB1D182E21004F0DFC /* PCSettings.h */ = {isa = PBXFileReference; fileEncoding = 4; lastKnownFileType = sourcecode.c.h; path = PCSettings.h; sourceTree = "<group>"; };
		859120FC1D182E21004F0DFC /* PCSettings.m */ = {isa = PBXFileReference; fileEncoding = 4; lastKnownFileType = sourcecode.c.objc; path = PCSettings.m; sourceTree = "<group>"; };
		859120FE1D18C954004F0DFC /* PCMinePage.h */ = {isa = PBXFileReference; fileEncoding = 4; lastKnownFileType = sourcecode.c.h; path = PCMinePage.h; sourceTree = "<group>"; };
		859120FF1D18C954004F0DFC /* PCMinePage.m */ = {isa = PBXFileReference; fileEncoding = 4; lastKnownFileType = sourcecode.c.objc; path = PCMinePage.m; sourceTree = "<group>"; };
		85C0A0B21D0F9F73003CFF9A /* PCArticlePage.h */ = {isa = PBXFileReference; fileEncoding = 4; lastKnownFileType = sourcecode.c.h; path = PCArticlePage.h; sourceTree = "<group>"; };
		85C0A0B31D0F9F73003CFF9A /* PCArticlePage.m */ = {isa = PBXFileReference; fileEncoding = 4; lastKnownFileType = sourcecode.c.objc; path = PCArticlePage.m; sourceTree = "<group>"; };
		85C0A0B51D0FBB79003CFF9A /* PCReadingArticle.h */ = {isa = PBXFileReference; fileEncoding = 4; lastKnownFileType = sourcecode.c.h; path = PCReadingArticle.h; sourceTree = "<group>"; };
		85C0A0B61D0FBB79003CFF9A /* PCReadingArticle.m */ = {isa = PBXFileReference; fileEncoding = 4; lastKnownFileType = sourcecode.c.objc; path = PCReadingArticle.m; sourceTree = "<group>"; wrapsLines = 1; };
		85C0A0B71D0FBB79003CFF9A /* PCReadingArticle.xib */ = {isa = PBXFileReference; fileEncoding = 4; lastKnownFileType = file.xib; path = PCReadingArticle.xib; sourceTree = "<group>"; };
		85C0A0BD1D1021EB003CFF9A /* PCVideoPage.h */ = {isa = PBXFileReference; fileEncoding = 4; lastKnownFileType = sourcecode.c.h; path = PCVideoPage.h; sourceTree = "<group>"; };
		85C0A0BE1D1021EB003CFF9A /* PCVideoPage.m */ = {isa = PBXFileReference; fileEncoding = 4; lastKnownFileType = sourcecode.c.objc; path = PCVideoPage.m; sourceTree = "<group>"; };
		85C0A0C01D102225003CFF9A /* PCVideoCell.h */ = {isa = PBXFileReference; fileEncoding = 4; lastKnownFileType = sourcecode.c.h; path = PCVideoCell.h; sourceTree = "<group>"; };
		85C0A0C11D102225003CFF9A /* PCVideoCell.m */ = {isa = PBXFileReference; fileEncoding = 4; lastKnownFileType = sourcecode.c.objc; path = PCVideoCell.m; sourceTree = "<group>"; };
		85C0A0C31D102234003CFF9A /* PCVideoCell.xib */ = {isa = PBXFileReference; fileEncoding = 4; lastKnownFileType = file.xib; path = PCVideoCell.xib; sourceTree = "<group>"; };
		85C0A0C71D1026B6003CFF9A /* PCDiagnoseTableViewController.h */ = {isa = PBXFileReference; fileEncoding = 4; lastKnownFileType = sourcecode.c.h; path = PCDiagnoseTableViewController.h; sourceTree = "<group>"; };
		85C0A0C81D1026B6003CFF9A /* PCDiagnoseTableViewController.m */ = {isa = PBXFileReference; fileEncoding = 4; lastKnownFileType = sourcecode.c.objc; path = PCDiagnoseTableViewController.m; sourceTree = "<group>"; };
		85C0A0CA1D103491003CFF9A /* PCNaviViewController.h */ = {isa = PBXFileReference; fileEncoding = 4; lastKnownFileType = sourcecode.c.h; path = PCNaviViewController.h; sourceTree = "<group>"; };
		85C0A0CB1D103491003CFF9A /* PCNaviViewController.m */ = {isa = PBXFileReference; fileEncoding = 4; lastKnownFileType = sourcecode.c.objc; path = PCNaviViewController.m; sourceTree = "<group>"; };
		85C0A0CD1D10379B003CFF9A /* PCSelfDiagViewController.h */ = {isa = PBXFileReference; fileEncoding = 4; lastKnownFileType = sourcecode.c.h; path = PCSelfDiagViewController.h; sourceTree = "<group>"; };
		85C0A0CE1D10379B003CFF9A /* PCSelfDiagViewController.m */ = {isa = PBXFileReference; fileEncoding = 4; lastKnownFileType = sourcecode.c.objc; path = PCSelfDiagViewController.m; sourceTree = "<group>"; };
		85C0A10E1D103E2A003CFF9A /* PCDiagnoseCategory.h */ = {isa = PBXFileReference; fileEncoding = 4; lastKnownFileType = sourcecode.c.h; path = PCDiagnoseCategory.h; sourceTree = "<group>"; };
		85C0A10F1D103E2A003CFF9A /* PCDiagnoseCategory.m */ = {isa = PBXFileReference; fileEncoding = 4; lastKnownFileType = sourcecode.c.objc; path = PCDiagnoseCategory.m; sourceTree = "<group>"; };
		85C0A1111D1044E4003CFF9A /* PCSubCategoryView.h */ = {isa = PBXFileReference; fileEncoding = 4; lastKnownFileType = sourcecode.c.h; path = PCSubCategoryView.h; sourceTree = "<group>"; };
		85C0A1121D1044E4003CFF9A /* PCSubCategoryView.m */ = {isa = PBXFileReference; fileEncoding = 4; lastKnownFileType = sourcecode.c.objc; path = PCSubCategoryView.m; sourceTree = "<group>"; };
		85C0A1141D1044F5003CFF9A /* PCSubCategoryView.xib */ = {isa = PBXFileReference; fileEncoding = 4; lastKnownFileType = file.xib; path = PCSubCategoryView.xib; sourceTree = "<group>"; };
		85C0A1161D1045AA003CFF9A /* DiagCategoryCell.h */ = {isa = PBXFileReference; fileEncoding = 4; lastKnownFileType = sourcecode.c.h; path = DiagCategoryCell.h; sourceTree = "<group>"; };
		85C0A1171D1045AA003CFF9A /* DiagCategoryCell.m */ = {isa = PBXFileReference; fileEncoding = 4; lastKnownFileType = sourcecode.c.objc; path = DiagCategoryCell.m; sourceTree = "<group>"; };
		85C0A1191D1045B7003CFF9A /* DiagCategoryCell.xib */ = {isa = PBXFileReference; fileEncoding = 4; lastKnownFileType = file.xib; path = DiagCategoryCell.xib; sourceTree = "<group>"; };
		85C134571D0117BA00F2148B /* PregnantCare.app */ = {isa = PBXFileReference; explicitFileType = wrapper.application; includeInIndex = 0; path = PregnantCare.app; sourceTree = BUILT_PRODUCTS_DIR; };
		85C1345B1D0117BA00F2148B /* main.m */ = {isa = PBXFileReference; lastKnownFileType = sourcecode.c.objc; path = main.m; sourceTree = "<group>"; };
		85C1345D1D0117BA00F2148B /* AppDelegate.h */ = {isa = PBXFileReference; lastKnownFileType = sourcecode.c.h; path = AppDelegate.h; sourceTree = "<group>"; };
		85C1345E1D0117BA00F2148B /* AppDelegate.m */ = {isa = PBXFileReference; lastKnownFileType = sourcecode.c.objc; path = AppDelegate.m; sourceTree = "<group>"; };
		85C134601D0117BA00F2148B /* ViewController.h */ = {isa = PBXFileReference; lastKnownFileType = sourcecode.c.h; path = ViewController.h; sourceTree = "<group>"; };
		85C134611D0117BA00F2148B /* ViewController.m */ = {isa = PBXFileReference; lastKnownFileType = sourcecode.c.objc; path = ViewController.m; sourceTree = "<group>"; };
		85C134641D0117BA00F2148B /* Base */ = {isa = PBXFileReference; lastKnownFileType = file.storyboard; name = Base; path = Base.lproj/Main.storyboard; sourceTree = "<group>"; };
		85C134661D0117BA00F2148B /* Assets.xcassets */ = {isa = PBXFileReference; lastKnownFileType = folder.assetcatalog; path = Assets.xcassets; sourceTree = "<group>"; };
		85C134691D0117BA00F2148B /* Base */ = {isa = PBXFileReference; lastKnownFileType = file.storyboard; name = Base; path = Base.lproj/LaunchScreen.storyboard; sourceTree = "<group>"; };
		85C1346B1D0117BA00F2148B /* Info.plist */ = {isa = PBXFileReference; lastKnownFileType = text.plist.xml; path = Info.plist; sourceTree = "<group>"; };
/* End PBXFileReference section */

/* Begin PBXFrameworksBuildPhase section */
		85C134541D0117BA00F2148B /* Frameworks */ = {
			isa = PBXFrameworksBuildPhase;
			buildActionMask = 2147483647;
			files = (
				85869C611D13B7C600829864 /* libxml2.tbd in Frameworks */,
				F0627E3F0F1E838E012642E7 /* libPods-PregnantCare.a in Frameworks */,
			);
			runOnlyForDeploymentPostprocessing = 0;
		};
/* End PBXFrameworksBuildPhase section */

/* Begin PBXGroup section */
		5BA8F0D12977972279B48435 /* Frameworks */ = {
			isa = PBXGroup;
			children = (
				85869C601D13B7C600829864 /* libxml2.tbd */,
				0B61A0E49F6FFA4C9C6F20D5 /* libPods-PregnantCare.a */,
			);
			name = Frameworks;
			sourceTree = "<group>";
		};
		856583271D06501C006D87EF /* Articles */ = {
			isa = PBXGroup;
			children = (
				856583281D06501C006D87EF /* Controller */,
				8565832B1D06501C006D87EF /* Model */,
				856583301D06501C006D87EF /* View */,
			);
			path = Articles;
			sourceTree = "<group>";
		};
		856583281D06501C006D87EF /* Controller */ = {
			isa = PBXGroup;
			children = (
				856583291D06501C006D87EF /* PCArticleViewController.h */,
				8565832A1D06501C006D87EF /* PCArticleViewController.m */,
				85C0A0B21D0F9F73003CFF9A /* PCArticlePage.h */,
				85C0A0B31D0F9F73003CFF9A /* PCArticlePage.m */,
				85C0A0B51D0FBB79003CFF9A /* PCReadingArticle.h */,
				85C0A0B61D0FBB79003CFF9A /* PCReadingArticle.m */,
				85C0A0B71D0FBB79003CFF9A /* PCReadingArticle.xib */,
			);
			path = Controller;
			sourceTree = "<group>";
		};
		8565832B1D06501C006D87EF /* Model */ = {
			isa = PBXGroup;
			children = (
				8565832C1D06501C006D87EF /* PCAppBanner.h */,
				8565832D1D06501C006D87EF /* PCAppBanner.m */,
				8565832E1D06501C006D87EF /* PCArticle.h */,
				8565832F1D06501C006D87EF /* PCArticle.m */,
			);
			path = Model;
			sourceTree = "<group>";
		};
		856583301D06501C006D87EF /* View */ = {
			isa = PBXGroup;
			children = (
				856583311D06501C006D87EF /* PCArticleTableViewCell.h */,
				856583321D06501C006D87EF /* PCArticleTableViewCell.m */,
				856583331D06501C006D87EF /* PCArticleTableViewCell.xib */,
			);
			path = View;
			sourceTree = "<group>";
		};
		856583341D06501C006D87EF /* Main */ = {
			isa = PBXGroup;
			children = (
				856583351D06501C006D87EF /* Controller */,
				8565833A1D06501C006D87EF /* Model */,
				8565833D1D06501C006D87EF /* View */,
			);
			path = Main;
			sourceTree = "<group>";
		};
		856583351D06501C006D87EF /* Controller */ = {
			isa = PBXGroup;
			children = (
				856583361D06501C006D87EF /* PCBaseViewController.h */,
				856583371D06501C006D87EF /* PCBaseViewController.m */,
				856583381D06501C006D87EF /* PCTabBarController.h */,
				856583391D06501C006D87EF /* PCTabBarController.m */,
				85C0A0CA1D103491003CFF9A /* PCNaviViewController.h */,
				85C0A0CB1D103491003CFF9A /* PCNaviViewController.m */,
			);
			path = Controller;
			sourceTree = "<group>";
		};
		8565833A1D06501C006D87EF /* Model */ = {
			isa = PBXGroup;
			children = (
				8565833B1D06501C006D87EF /* PCCategory.h */,
				8565833C1D06501C006D87EF /* PCCategory.m */,
			);
			path = Model;
			sourceTree = "<group>";
		};
		8565833D1D06501C006D87EF /* View */ = {
			isa = PBXGroup;
			children = (
			);
			path = View;
			sourceTree = "<group>";
		};
		8565833E1D06501C006D87EF /* Resources */ = {
			isa = PBXGroup;
			children = (
			);
			path = Resources;
			sourceTree = "<group>";
		};
		8565833F1D06501C006D87EF /* Utilities */ = {
			isa = PBXGroup;
			children = (
				856583401D06501C006D87EF /* PCRequestTool.h */,
				856583411D06501C006D87EF /* PCRequestTool.m */,
			);
			path = Utilities;
			sourceTree = "<group>";
		};
		856583421D06501C006D87EF /* Videos */ = {
			isa = PBXGroup;
			children = (
				856583431D06501C006D87EF /* Controller */,
				856583461D06501C006D87EF /* Model */,
				856583471D06501C006D87EF /* View */,
			);
			path = Videos;
			sourceTree = "<group>";
		};
		856583431D06501C006D87EF /* Controller */ = {
			isa = PBXGroup;
			children = (
				856583441D06501C006D87EF /* PCVideoViewController.h */,
				856583451D06501C006D87EF /* PCVideoViewController.m */,
				85C0A0BD1D1021EB003CFF9A /* PCVideoPage.h */,
				85C0A0BE1D1021EB003CFF9A /* PCVideoPage.m */,
			);
			path = Controller;
			sourceTree = "<group>";
		};
		856583461D06501C006D87EF /* Model */ = {
			isa = PBXGroup;
			children = (
			);
			path = Model;
			sourceTree = "<group>";
		};
		856583471D06501C006D87EF /* View */ = {
			isa = PBXGroup;
			children = (
				85C0A0C01D102225003CFF9A /* PCVideoCell.h */,
				85C0A0C11D102225003CFF9A /* PCVideoCell.m */,
				85C0A0C31D102234003CFF9A /* PCVideoCell.xib */,
			);
			path = View;
			sourceTree = "<group>";
		};
		858550E91D01AA2200D03CB0 /* Libs */ = {
			isa = PBXGroup;
			children = (
				858551B91D01AA6C00D03CB0 /* UIImage+Circle.h */,
				858551BA1D01AA6C00D03CB0 /* UIImage+Circle.m */,
				858551BB1D01AA6C00D03CB0 /* UIView+Extension.h */,
				858551BC1D01AA6C00D03CB0 /* UIView+Extension.m */,
				858550EA1D01AA2200D03CB0 /* DPSDK */,
				858551241D01AA2300D03CB0 /* Foundation+Log.m */,
				858551251D01AA2300D03CB0 /* MBProgressHUD */,
				858551281D01AA2300D03CB0 /* MJRefresh */,
			);
			path = Libs;
			sourceTree = "<group>";
		};
		858550EA1D01AA2200D03CB0 /* DPSDK */ = {
			isa = PBXGroup;
			children = (
				858550EB1D01AA2200D03CB0 /* DPAPI.h */,
				858550EC1D01AA2200D03CB0 /* DPAPI.m */,
				858550ED1D01AA2200D03CB0 /* DPConstants.h */,
				858550EE1D01AA2200D03CB0 /* DPRequest.h */,
				858550EF1D01AA2200D03CB0 /* DPRequest.m */,
			);
			path = DPSDK;
			sourceTree = "<group>";
		};
		858551251D01AA2300D03CB0 /* MBProgressHUD */ = {
			isa = PBXGroup;
			children = (
				858551261D01AA2300D03CB0 /* MBProgressHUD.h */,
				858551271D01AA2300D03CB0 /* MBProgressHUD.m */,
			);
			path = MBProgressHUD;
			sourceTree = "<group>";
		};
		858551281D01AA2300D03CB0 /* MJRefresh */ = {
			isa = PBXGroup;
			children = (
				858551291D01AA2300D03CB0 /* Base */,
				858551341D01AA2300D03CB0 /* Custom */,
				8585514B1D01AA2300D03CB0 /* MJRefresh.bundle */,
				8585514C1D01AA2300D03CB0 /* MJRefresh.h */,
				8585514D1D01AA2300D03CB0 /* MJRefreshConst.h */,
				8585514E1D01AA2300D03CB0 /* MJRefreshConst.m */,
				8585514F1D01AA2300D03CB0 /* UIScrollView+MJExtension.h */,
				858551501D01AA2300D03CB0 /* UIScrollView+MJExtension.m */,
				858551511D01AA2300D03CB0 /* UIScrollView+MJRefresh.h */,
				858551521D01AA2300D03CB0 /* UIScrollView+MJRefresh.m */,
				858551531D01AA2300D03CB0 /* UIView+MJExtension.h */,
				858551541D01AA2300D03CB0 /* UIView+MJExtension.m */,
			);
			path = MJRefresh;
			sourceTree = "<group>";
		};
		858551291D01AA2300D03CB0 /* Base */ = {
			isa = PBXGroup;
			children = (
				8585512A1D01AA2300D03CB0 /* MJRefreshAutoFooter.h */,
				8585512B1D01AA2300D03CB0 /* MJRefreshAutoFooter.m */,
				8585512C1D01AA2300D03CB0 /* MJRefreshBackFooter.h */,
				8585512D1D01AA2300D03CB0 /* MJRefreshBackFooter.m */,
				8585512E1D01AA2300D03CB0 /* MJRefreshComponent.h */,
				8585512F1D01AA2300D03CB0 /* MJRefreshComponent.m */,
				858551301D01AA2300D03CB0 /* MJRefreshFooter.h */,
				858551311D01AA2300D03CB0 /* MJRefreshFooter.m */,
				858551321D01AA2300D03CB0 /* MJRefreshHeader.h */,
				858551331D01AA2300D03CB0 /* MJRefreshHeader.m */,
			);
			path = Base;
			sourceTree = "<group>";
		};
		858551341D01AA2300D03CB0 /* Custom */ = {
			isa = PBXGroup;
			children = (
				858551351D01AA2300D03CB0 /* Footer */,
				858551441D01AA2300D03CB0 /* Header */,
			);
			path = Custom;
			sourceTree = "<group>";
		};
		858551351D01AA2300D03CB0 /* Footer */ = {
			isa = PBXGroup;
			children = (
				858551361D01AA2300D03CB0 /* Auto */,
				8585513D1D01AA2300D03CB0 /* Back */,
			);
			path = Footer;
			sourceTree = "<group>";
		};
		858551361D01AA2300D03CB0 /* Auto */ = {
			isa = PBXGroup;
			children = (
				858551371D01AA2300D03CB0 /* MJRefreshAutoGifFooter.h */,
				858551381D01AA2300D03CB0 /* MJRefreshAutoGifFooter.m */,
				858551391D01AA2300D03CB0 /* MJRefreshAutoNormalFooter.h */,
				8585513A1D01AA2300D03CB0 /* MJRefreshAutoNormalFooter.m */,
				8585513B1D01AA2300D03CB0 /* MJRefreshAutoStateFooter.h */,
				8585513C1D01AA2300D03CB0 /* MJRefreshAutoStateFooter.m */,
			);
			path = Auto;
			sourceTree = "<group>";
		};
		8585513D1D01AA2300D03CB0 /* Back */ = {
			isa = PBXGroup;
			children = (
				8585513E1D01AA2300D03CB0 /* MJRefreshBackGifFooter.h */,
				8585513F1D01AA2300D03CB0 /* MJRefreshBackGifFooter.m */,
				858551401D01AA2300D03CB0 /* MJRefreshBackNormalFooter.h */,
				858551411D01AA2300D03CB0 /* MJRefreshBackNormalFooter.m */,
				858551421D01AA2300D03CB0 /* MJRefreshBackStateFooter.h */,
				858551431D01AA2300D03CB0 /* MJRefreshBackStateFooter.m */,
			);
			path = Back;
			sourceTree = "<group>";
		};
		858551441D01AA2300D03CB0 /* Header */ = {
			isa = PBXGroup;
			children = (
				858551451D01AA2300D03CB0 /* MJRefreshGifHeader.h */,
				858551461D01AA2300D03CB0 /* MJRefreshGifHeader.m */,
				858551471D01AA2300D03CB0 /* MJRefreshNormalHeader.h */,
				858551481D01AA2300D03CB0 /* MJRefreshNormalHeader.m */,
				858551491D01AA2300D03CB0 /* MJRefreshStateHeader.h */,
				8585514A1D01AA2300D03CB0 /* MJRefreshStateHeader.m */,
			);
			path = Header;
			sourceTree = "<group>";
		};
		85967F4A1D0D9DA200D96DAE /* Mine */ = {
			isa = PBXGroup;
			children = (
				85967F4B1D0D9DA200D96DAE /* Controller */,
				85967F4C1D0D9DA200D96DAE /* Model */,
				85967F4D1D0D9DA200D96DAE /* View */,
			);
			path = Mine;
			sourceTree = "<group>";
		};
		85967F4B1D0D9DA200D96DAE /* Controller */ = {
			isa = PBXGroup;
			children = (
				859120FB1D182E21004F0DFC /* PCSettings.h */,
				859120FC1D182E21004F0DFC /* PCSettings.m */,
				859120FE1D18C954004F0DFC /* PCMinePage.h */,
				859120FF1D18C954004F0DFC /* PCMinePage.m */,
			);
			path = Controller;
			sourceTree = "<group>";
		};
		85967F4C1D0D9DA200D96DAE /* Model */ = {
			isa = PBXGroup;
			children = (
			);
			path = Model;
			sourceTree = "<group>";
		};
		85967F4D1D0D9DA200D96DAE /* View */ = {
			isa = PBXGroup;
			children = (
			);
			path = View;
			sourceTree = "<group>";
		};
		85C0A0C51D102657003CFF9A /* Diagnose */ = {
			isa = PBXGroup;
			children = (
				85C0A10C1D103E15003CFF9A /* Model */,
				85C0A10D1D103E15003CFF9A /* View */,
				85C0A0C61D102657003CFF9A /* Controller */,
			);
			name = Diagnose;
			path = Utilities/Diagnose;
			sourceTree = "<group>";
		};
		85C0A0C61D102657003CFF9A /* Controller */ = {
			isa = PBXGroup;
			children = (
				85C0A0C71D1026B6003CFF9A /* PCDiagnoseTableViewController.h */,
				85C0A0C81D1026B6003CFF9A /* PCDiagnoseTableViewController.m */,
				85C0A0CD1D10379B003CFF9A /* PCSelfDiagViewController.h */,
				85C0A0CE1D10379B003CFF9A /* PCSelfDiagViewController.m */,
				85869C1A1D1257A700829864 /* PCDiseaseViewController.h */,
				85869C1B1D1257A700829864 /* PCDiseaseViewController.m */,
				85869C241D12645D00829864 /* PCDiseasesTableViewController.h */,
				85869C251D12645D00829864 /* PCDiseasesTableViewController.m */,
				85869C321D12DE2B00829864 /* PCAskDiagViewController.h */,
				85869C331D12DE2B00829864 /* PCAskDiagViewController.m */,
			);
			path = Controller;
			sourceTree = "<group>";
		};
		85C0A10C1D103E15003CFF9A /* Model */ = {
			isa = PBXGroup;
			children = (
				85C0A10E1D103E2A003CFF9A /* PCDiagnoseCategory.h */,
				85C0A10F1D103E2A003CFF9A /* PCDiagnoseCategory.m */,
				85869C0F1D124E4500829864 /* PCDisease.h */,
				85869C101D124E4500829864 /* PCDisease.m */,
				85869C2F1D1283AD00829864 /* PCQuestion.h */,
				85869C301D1283AD00829864 /* PCQuestion.m */,
			);
			path = Model;
			sourceTree = "<group>";
		};
		85C0A10D1D103E15003CFF9A /* View */ = {
			isa = PBXGroup;
			children = (
				85C0A1111D1044E4003CFF9A /* PCSubCategoryView.h */,
				85C0A1121D1044E4003CFF9A /* PCSubCategoryView.m */,
				85C0A1141D1044F5003CFF9A /* PCSubCategoryView.xib */,
				85C0A1161D1045AA003CFF9A /* DiagCategoryCell.h */,
				85C0A1171D1045AA003CFF9A /* DiagCategoryCell.m */,
				85C0A1191D1045B7003CFF9A /* DiagCategoryCell.xib */,
				85869C151D12566900829864 /* PCDiseaseHeaderView.h */,
				85869C161D12566900829864 /* PCDiseaseHeaderView.m */,
				85869C181D12567800829864 /* PCDiseaseHeaderView.xib */,
				85869C271D1264B100829864 /* PCDiseaseCell.h */,
				85869C281D1264B100829864 /* PCDiseaseCell.m */,
				85869C291D1264B100829864 /* PCDiseaseCell.xib */,
			);
			path = View;
			sourceTree = "<group>";
		};
		85C1344E1D0117BA00F2148B = {
			isa = PBXGroup;
			children = (
				85C134591D0117BA00F2148B /* PregnantCare */,
				85C134581D0117BA00F2148B /* Products */,
				C3F549490617EC52D08EAB8E /* Pods */,
				5BA8F0D12977972279B48435 /* Frameworks */,
			);
			sourceTree = "<group>";
		};
		85C134581D0117BA00F2148B /* Products */ = {
			isa = PBXGroup;
			children = (
				85C134571D0117BA00F2148B /* PregnantCare.app */,
			);
			name = Products;
			sourceTree = "<group>";
		};
		85C134591D0117BA00F2148B /* PregnantCare */ = {
			isa = PBXGroup;
			children = (
				85967F4A1D0D9DA200D96DAE /* Mine */,
				856583271D06501C006D87EF /* Articles */,
				856583341D06501C006D87EF /* Main */,
				8565833E1D06501C006D87EF /* Resources */,
				85C0A0C51D102657003CFF9A /* Diagnose */,
				8565833F1D06501C006D87EF /* Utilities */,
				856583421D06501C006D87EF /* Videos */,
				858550E91D01AA2200D03CB0 /* Libs */,
				85C1345D1D0117BA00F2148B /* AppDelegate.h */,
				85C1345E1D0117BA00F2148B /* AppDelegate.m */,
				85C134601D0117BA00F2148B /* ViewController.h */,
				85C134611D0117BA00F2148B /* ViewController.m */,
				858551BF1D01AFF600D03CB0 /* Global.pch */,
				85C134631D0117BA00F2148B /* Main.storyboard */,
				85C134661D0117BA00F2148B /* Assets.xcassets */,
				85C134681D0117BA00F2148B /* LaunchScreen.storyboard */,
				85C1346B1D0117BA00F2148B /* Info.plist */,
				85C1345A1D0117BA00F2148B /* Supporting Files */,
			);
			path = PregnantCare;
			sourceTree = "<group>";
		};
		85C1345A1D0117BA00F2148B /* Supporting Files */ = {
			isa = PBXGroup;
			children = (
				85C1345B1D0117BA00F2148B /* main.m */,
			);
			name = "Supporting Files";
			sourceTree = "<group>";
		};
		C3F549490617EC52D08EAB8E /* Pods */ = {
			isa = PBXGroup;
			children = (
				6FE948D527B54AD09F7B5306 /* Pods-PregnantCare.debug.xcconfig */,
				49701DE5E4FE8B7A1EC165D3 /* Pods-PregnantCare.release.xcconfig */,
			);
			name = Pods;
			sourceTree = "<group>";
		};
/* End PBXGroup section */

/* Begin PBXNativeTarget section */
		85C134561D0117BA00F2148B /* PregnantCare */ = {
			isa = PBXNativeTarget;
			buildConfigurationList = 85C1346E1D0117BA00F2148B /* Build configuration list for PBXNativeTarget "PregnantCare" */;
			buildPhases = (
				B5F736F89BF158F9DE045689 /* 📦 Check Pods Manifest.lock */,
				85C134531D0117BA00F2148B /* Sources */,
				85C134541D0117BA00F2148B /* Frameworks */,
				85C134551D0117BA00F2148B /* Resources */,
				8303C7E8845751AD0D0FB46D /* 📦 Embed Pods Frameworks */,
				9B01E470B327B5A3CA0FA9A1 /* 📦 Copy Pods Resources */,
			);
			buildRules = (
			);
			dependencies = (
			);
			name = PregnantCare;
			productName = PregnantCare;
			productReference = 85C134571D0117BA00F2148B /* PregnantCare.app */;
			productType = "com.apple.product-type.application";
		};
/* End PBXNativeTarget section */

/* Begin PBXProject section */
		85C1344F1D0117BA00F2148B /* Project object */ = {
			isa = PBXProject;
			attributes = {
				CLASSPREFIX = PC;
				LastUpgradeCheck = 0720;
				ORGANIZATIONNAME = tarena;
				TargetAttributes = {
					85C134561D0117BA00F2148B = {
						CreatedOnToolsVersion = 7.2;
						DevelopmentTeam = X6A25WMHQV;
					};
				};
			};
			buildConfigurationList = 85C134521D0117BA00F2148B /* Build configuration list for PBXProject "PregnantCare" */;
			compatibilityVersion = "Xcode 3.2";
			developmentRegion = English;
			hasScannedForEncodings = 0;
			knownRegions = (
				en,
				Base,
			);
			mainGroup = 85C1344E1D0117BA00F2148B;
			productRefGroup = 85C134581D0117BA00F2148B /* Products */;
			projectDirPath = "";
			projectRoot = "";
			targets = (
				85C134561D0117BA00F2148B /* PregnantCare */,
			);
		};
/* End PBXProject section */

/* Begin PBXResourcesBuildPhase section */
		85C134551D0117BA00F2148B /* Resources */ = {
			isa = PBXResourcesBuildPhase;
			buildActionMask = 2147483647;
			files = (
				85C1346A1D0117BA00F2148B /* LaunchScreen.storyboard in Resources */,
				85869C2B1D1264B100829864 /* PCDiseaseCell.xib in Resources */,
				85C134671D0117BA00F2148B /* Assets.xcassets in Resources */,
				8565834C1D06501C006D87EF /* PCArticleTableViewCell.xib in Resources */,
				85C0A0C41D102234003CFF9A /* PCVideoCell.xib in Resources */,
				85C134651D0117BA00F2148B /* Main.storyboard in Resources */,
				85C0A1151D1044F5003CFF9A /* PCSubCategoryView.xib in Resources */,
				858551A41D01AA2300D03CB0 /* MJRefresh.bundle in Resources */,
				85C0A0B91D0FBB79003CFF9A /* PCReadingArticle.xib in Resources */,
				85869C191D12567800829864 /* PCDiseaseHeaderView.xib in Resources */,
				85C0A11A1D1045B7003CFF9A /* DiagCategoryCell.xib in Resources */,
			);
			runOnlyForDeploymentPostprocessing = 0;
		};
/* End PBXResourcesBuildPhase section */

/* Begin PBXShellScriptBuildPhase section */
		8303C7E8845751AD0D0FB46D /* 📦 Embed Pods Frameworks */ = {
			isa = PBXShellScriptBuildPhase;
			buildActionMask = 2147483647;
			files = (
			);
			inputPaths = (
			);
			name = "📦 Embed Pods Frameworks";
			outputPaths = (
			);
			runOnlyForDeploymentPostprocessing = 0;
			shellPath = /bin/sh;
			shellScript = "\"${SRCROOT}/Pods/Target Support Files/Pods-PregnantCare/Pods-PregnantCare-frameworks.sh\"\n";
			showEnvVarsInLog = 0;
		};
		9B01E470B327B5A3CA0FA9A1 /* 📦 Copy Pods Resources */ = {
			isa = PBXShellScriptBuildPhase;
			buildActionMask = 2147483647;
			files = (
			);
			inputPaths = (
			);
			name = "📦 Copy Pods Resources";
			outputPaths = (
			);
			runOnlyForDeploymentPostprocessing = 0;
			shellPath = /bin/sh;
			shellScript = "\"${SRCROOT}/Pods/Target Support Files/Pods-PregnantCare/Pods-PregnantCare-resources.sh\"\n";
			showEnvVarsInLog = 0;
		};
		B5F736F89BF158F9DE045689 /* 📦 Check Pods Manifest.lock */ = {
			isa = PBXShellScriptBuildPhase;
			buildActionMask = 2147483647;
			files = (
			);
			inputPaths = (
			);
			name = "📦 Check Pods Manifest.lock";
			outputPaths = (
			);
			runOnlyForDeploymentPostprocessing = 0;
			shellPath = /bin/sh;
			shellScript = "diff \"${PODS_ROOT}/../Podfile.lock\" \"${PODS_ROOT}/Manifest.lock\" > /dev/null\nif [[ $? != 0 ]] ; then\n    cat << EOM\nerror: The sandbox is not in sync with the Podfile.lock. Run 'pod install' or update your CocoaPods installation.\nEOM\n    exit 1\nfi\n";
			showEnvVarsInLog = 0;
		};
/* End PBXShellScriptBuildPhase section */

/* Begin PBXSourcesBuildPhase section */
		85C134531D0117BA00F2148B /* Sources */ = {
			isa = PBXSourcesBuildPhase;
			buildActionMask = 2147483647;
			files = (
				8565834E1D06501C006D87EF /* PCTabBarController.m in Sources */,
				85C0A0BF1D1021EB003CFF9A /* PCVideoPage.m in Sources */,
				858551981D01AA2300D03CB0 /* MJRefreshComponent.m in Sources */,
				858551A31D01AA2300D03CB0 /* MJRefreshStateHeader.m in Sources */,
				856583491D06501C006D87EF /* PCAppBanner.m in Sources */,
				858551A21D01AA2300D03CB0 /* MJRefreshNormalHeader.m in Sources */,
				85C0A1181D1045AA003CFF9A /* DiagCategoryCell.m in Sources */,
				858551A61D01AA2300D03CB0 /* UIScrollView+MJExtension.m in Sources */,
				85C0A0B41D0F9F73003CFF9A /* PCArticlePage.m in Sources */,
				85C0A0CF1D10379B003CFF9A /* PCSelfDiagViewController.m in Sources */,
				85C0A0B81D0FBB79003CFF9A /* PCReadingArticle.m in Sources */,
				8565834F1D06501C006D87EF /* PCCategory.m in Sources */,
				8585519D1D01AA2300D03CB0 /* MJRefreshAutoStateFooter.m in Sources */,
				858551771D01AA2300D03CB0 /* DPAPI.m in Sources */,
				858551BE1D01AA6C00D03CB0 /* UIView+Extension.m in Sources */,
				856583481D06501C006D87EF /* PCArticleViewController.m in Sources */,
				859121001D18C954004F0DFC /* PCMinePage.m in Sources */,
				85869C1D1D1257A700829864 /* PCDiseaseViewController.m in Sources */,
				858551BD1D01AA6C00D03CB0 /* UIImage+Circle.m in Sources */,
				858551941D01AA2300D03CB0 /* Foundation+Log.m in Sources */,
				8585519B1D01AA2300D03CB0 /* MJRefreshAutoGifFooter.m in Sources */,
				858551971D01AA2300D03CB0 /* MJRefreshBackFooter.m in Sources */,
				85C0A0C21D102225003CFF9A /* PCVideoCell.m in Sources */,
				85C0A1101D103E2A003CFF9A /* PCDiagnoseCategory.m in Sources */,
				858551951D01AA2300D03CB0 /* MBProgressHUD.m in Sources */,
				858551781D01AA2300D03CB0 /* DPRequest.m in Sources */,
				85C0A0CC1D103491003CFF9A /* PCNaviViewController.m in Sources */,
				858551991D01AA2300D03CB0 /* MJRefreshFooter.m in Sources */,
				85C0A0C91D1026B6003CFF9A /* PCDiagnoseTableViewController.m in Sources */,
				858551961D01AA2300D03CB0 /* MJRefreshAutoFooter.m in Sources */,
				856583511D06501C006D87EF /* PCVideoViewController.m in Sources */,
				858551A51D01AA2300D03CB0 /* MJRefreshConst.m in Sources */,
				8585519F1D01AA2300D03CB0 /* MJRefreshBackNormalFooter.m in Sources */,
				858551A11D01AA2300D03CB0 /* MJRefreshGifHeader.m in Sources */,
				85869C311D1283AD00829864 /* PCQuestion.m in Sources */,
				858551A01D01AA2300D03CB0 /* MJRefreshBackStateFooter.m in Sources */,
				85C134621D0117BA00F2148B /* ViewController.m in Sources */,
				858551A81D01AA2300D03CB0 /* UIView+MJExtension.m in Sources */,
				85869C111D124E4500829864 /* PCDisease.m in Sources */,
				8585519C1D01AA2300D03CB0 /* MJRefreshAutoNormalFooter.m in Sources */,
				85C1345F1D0117BA00F2148B /* AppDelegate.m in Sources */,
				85C0A1131D1044E4003CFF9A /* PCSubCategoryView.m in Sources */,
				858551A71D01AA2300D03CB0 /* UIScrollView+MJRefresh.m in Sources */,
				85869C261D12645D00829864 /* PCDiseasesTableViewController.m in Sources */,
				8585519A1D01AA2300D03CB0 /* MJRefreshHeader.m in Sources */,
				8565834D1D06501C006D87EF /* PCBaseViewController.m in Sources */,
				85869C171D12566900829864 /* PCDiseaseHeaderView.m in Sources */,
				85869C2A1D1264B100829864 /* PCDiseaseCell.m in Sources */,
				8565834B1D06501C006D87EF /* PCArticleTableViewCell.m in Sources */,
				8585519E1D01AA2300D03CB0 /* MJRefreshBackGifFooter.m in Sources */,
				856583501D06501C006D87EF /* PCRequestTool.m in Sources */,
				85869C351D12DE2B00829864 /* PCAskDiagViewController.m in Sources */,
				859120FD1D182E21004F0DFC /* PCSettings.m in Sources */,
				8565834A1D06501C006D87EF /* PCArticle.m in Sources */,
				85C1345C1D0117BA00F2148B /* main.m in Sources */,
			);
			runOnlyForDeploymentPostprocessing = 0;
		};
/* End PBXSourcesBuildPhase section */

/* Begin PBXVariantGroup section */
		85C134631D0117BA00F2148B /* Main.storyboard */ = {
			isa = PBXVariantGroup;
			children = (
				85C134641D0117BA00F2148B /* Base */,
			);
			name = Main.storyboard;
			sourceTree = "<group>";
		};
		85C134681D0117BA00F2148B /* LaunchScreen.storyboard */ = {
			isa = PBXVariantGroup;
			children = (
				85C134691D0117BA00F2148B /* Base */,
			);
			name = LaunchScreen.storyboard;
			sourceTree = "<group>";
		};
/* End PBXVariantGroup section */

/* Begin XCBuildConfiguration section */
		85C1346C1D0117BA00F2148B /* Debug */ = {
			isa = XCBuildConfiguration;
			buildSettings = {
				ALWAYS_SEARCH_USER_PATHS = NO;
				CLANG_CXX_LANGUAGE_STANDARD = "gnu++0x";
				CLANG_CXX_LIBRARY = "libc++";
				CLANG_ENABLE_MODULES = YES;
				CLANG_ENABLE_OBJC_ARC = YES;
				CLANG_WARN_BOOL_CONVERSION = YES;
				CLANG_WARN_CONSTANT_CONVERSION = YES;
				CLANG_WARN_DIRECT_OBJC_ISA_USAGE = YES_ERROR;
				CLANG_WARN_EMPTY_BODY = YES;
				CLANG_WARN_ENUM_CONVERSION = YES;
				CLANG_WARN_INT_CONVERSION = YES;
				CLANG_WARN_OBJC_ROOT_CLASS = YES_ERROR;
				CLANG_WARN_UNREACHABLE_CODE = YES;
				CLANG_WARN__DUPLICATE_METHOD_MATCH = YES;
				"CODE_SIGN_IDENTITY[sdk=iphoneos*]" = "iPhone Developer";
				COPY_PHASE_STRIP = NO;
				DEBUG_INFORMATION_FORMAT = dwarf;
				ENABLE_STRICT_OBJC_MSGSEND = YES;
				ENABLE_TESTABILITY = YES;
				GCC_C_LANGUAGE_STANDARD = gnu99;
				GCC_DYNAMIC_NO_PIC = NO;
				GCC_NO_COMMON_BLOCKS = YES;
				GCC_OPTIMIZATION_LEVEL = 0;
				GCC_PREPROCESSOR_DEFINITIONS = (
					"DEBUG=1",
					"$(inherited)",
				);
				GCC_WARN_64_TO_32_BIT_CONVERSION = YES;
				GCC_WARN_ABOUT_RETURN_TYPE = YES_ERROR;
				GCC_WARN_UNDECLARED_SELECTOR = YES;
				GCC_WARN_UNINITIALIZED_AUTOS = YES_AGGRESSIVE;
				GCC_WARN_UNUSED_FUNCTION = YES;
				GCC_WARN_UNUSED_VARIABLE = YES;
				IPHONEOS_DEPLOYMENT_TARGET = 9.2;
				MTL_ENABLE_DEBUG_INFO = YES;
				ONLY_ACTIVE_ARCH = YES;
				SDKROOT = iphoneos;
			};
			name = Debug;
		};
		85C1346D1D0117BA00F2148B /* Release */ = {
			isa = XCBuildConfiguration;
			buildSettings = {
				ALWAYS_SEARCH_USER_PATHS = NO;
				CLANG_CXX_LANGUAGE_STANDARD = "gnu++0x";
				CLANG_CXX_LIBRARY = "libc++";
				CLANG_ENABLE_MODULES = YES;
				CLANG_ENABLE_OBJC_ARC = YES;
				CLANG_WARN_BOOL_CONVERSION = YES;
				CLANG_WARN_CONSTANT_CONVERSION = YES;
				CLANG_WARN_DIRECT_OBJC_ISA_USAGE = YES_ERROR;
				CLANG_WARN_EMPTY_BODY = YES;
				CLANG_WARN_ENUM_CONVERSION = YES;
				CLANG_WARN_INT_CONVERSION = YES;
				CLANG_WARN_OBJC_ROOT_CLASS = YES_ERROR;
				CLANG_WARN_UNREACHABLE_CODE = YES;
				CLANG_WARN__DUPLICATE_METHOD_MATCH = YES;
				"CODE_SIGN_IDENTITY[sdk=iphoneos*]" = "iPhone Developer";
				COPY_PHASE_STRIP = NO;
				DEBUG_INFORMATION_FORMAT = "dwarf-with-dsym";
				ENABLE_NS_ASSERTIONS = NO;
				ENABLE_STRICT_OBJC_MSGSEND = YES;
				GCC_C_LANGUAGE_STANDARD = gnu99;
				GCC_NO_COMMON_BLOCKS = YES;
				GCC_WARN_64_TO_32_BIT_CONVERSION = YES;
				GCC_WARN_ABOUT_RETURN_TYPE = YES_ERROR;
				GCC_WARN_UNDECLARED_SELECTOR = YES;
				GCC_WARN_UNINITIALIZED_AUTOS = YES_AGGRESSIVE;
				GCC_WARN_UNUSED_FUNCTION = YES;
				GCC_WARN_UNUSED_VARIABLE = YES;
				IPHONEOS_DEPLOYMENT_TARGET = 9.2;
				MTL_ENABLE_DEBUG_INFO = NO;
				SDKROOT = iphoneos;
				VALIDATE_PRODUCT = YES;
			};
			name = Release;
		};
		85C1346F1D0117BA00F2148B /* Debug */ = {
			isa = XCBuildConfiguration;
			baseConfigurationReference = 6FE948D527B54AD09F7B5306 /* Pods-PregnantCare.debug.xcconfig */;
			buildSettings = {
				ASSETCATALOG_COMPILER_APPICON_NAME = AppIcon;
				GCC_PRECOMPILE_PREFIX_HEADER = YES;
				GCC_PREFIX_HEADER = PregnantCare/Global.pch;
				HEADER_SEARCH_PATHS = (
					"$(SDKROOT)/usr/include/libxml2",
					"$(inherited)",
					"\"${PODS_ROOT}/Headers/Public\"",
					"\"${PODS_ROOT}/Headers/Public/AFNetworking\"",
					"\"${PODS_ROOT}/Headers/Public/KissXML\"",
					"\"${PODS_ROOT}/Headers/Public/Masonry\"",
					"\"${PODS_ROOT}/Headers/Public/YYKit\"",
					/usr/include/libxml2,
				);
				INFOPLIST_FILE = PregnantCare/Info.plist;
				IPHONEOS_DEPLOYMENT_TARGET = 9.1;
				LD_RUNPATH_SEARCH_PATHS = "$(inherited) @executable_path/Frameworks";
				PRODUCT_BUNDLE_IDENTIFIER = com.tarena.test.cn;
				PRODUCT_NAME = "$(TARGET_NAME)";
			};
			name = Debug;
		};
		85C134701D0117BA00F2148B /* Release */ = {
			isa = XCBuildConfiguration;
			baseConfigurationReference = 49701DE5E4FE8B7A1EC165D3 /* Pods-PregnantCare.release.xcconfig */;
			buildSettings = {
				ASSETCATALOG_COMPILER_APPICON_NAME = AppIcon;
				GCC_PRECOMPILE_PREFIX_HEADER = YES;
				GCC_PREFIX_HEADER = PregnantCare/Global.pch;
				HEADER_SEARCH_PATHS = (
					"$(SDKROOT)/usr/include/libxml2",
					"$(inherited)",
					"\"${PODS_ROOT}/Headers/Public\"",
					"\"${PODS_ROOT}/Headers/Public/AFNetworking\"",
					"\"${PODS_ROOT}/Headers/Public/KissXML\"",
					"\"${PODS_ROOT}/Headers/Public/Masonry\"",
					"\"${PODS_ROOT}/Headers/Public/YYKit\"",
					/usr/include/libxml2,
				);
				INFOPLIST_FILE = PregnantCare/Info.plist;
				IPHONEOS_DEPLOYMENT_TARGET = 9.1;
				LD_RUNPATH_SEARCH_PATHS = "$(inherited) @executable_path/Frameworks";
				PRODUCT_BUNDLE_IDENTIFIER = com.tarena.test.cn;
				PRODUCT_NAME = "$(TARGET_NAME)";
			};
			name = Release;
		};
/* End XCBuildConfiguration section */

/* Begin XCConfigurationList section */
		85C134521D0117BA00F2148B /* Build configuration list for PBXProject "PregnantCare" */ = {
			isa = XCConfigurationList;
			buildConfigurations = (
				85C1346C1D0117BA00F2148B /* Debug */,
				85C1346D1D0117BA00F2148B /* Release */,
			);
			defaultConfigurationIsVisible = 0;
			defaultConfigurationName = Release;
		};
		85C1346E1D0117BA00F2148B /* Build configuration list for PBXNativeTarget "PregnantCare" */ = {
			isa = XCConfigurationList;
			buildConfigurations = (
				85C1346F1D0117BA00F2148B /* Debug */,
				85C134701D0117BA00F2148B /* Release */,
			);
			defaultConfigurationIsVisible = 0;
			defaultConfigurationName = Release;
		};
/* End XCConfigurationList section */
	};
	rootObject = 85C1344F1D0117BA00F2148B /* Project object */;
}
