// !$*UTF8*$!
{
	archiveVersion = 1;
	classes = {
	};
	objectVersion = 46;
	objects = {

/* Begin PBXBuildFile section */
		8594ADE51CBFD447005D4D45 /* main.m in Sources */ = {isa = PBXBuildFile; fileRef = 8594ADE41CBFD447005D4D45 /* main.m */; };
		8594ADE81CBFD447005D4D45 /* AppDelegate.m in Sources */ = {isa = PBXBuildFile; fileRef = 8594ADE71CBFD447005D4D45 /* AppDelegate.m */; };
		8594ADEB1CBFD447005D4D45 /* ViewController.m in Sources */ = {isa = PBXBuildFile; fileRef = 8594ADEA1CBFD447005D4D45 /* ViewController.m */; };
		8594ADEE1CBFD447005D4D45 /* Main.storyboard in Resources */ = {isa = PBXBuildFile; fileRef = 8594ADEC1CBFD447005D4D45 /* Main.storyboard */; };
		8594ADF01CBFD447005D4D45 /* Assets.xcassets in Resources */ = {isa = PBXBuildFile; fileRef = 8594ADEF1CBFD447005D4D45 /* Assets.xcassets */; };
		8594ADF31CBFD447005D4D45 /* LaunchScreen.storyboard in Resources */ = {isa = PBXBuildFile; fileRef = 8594ADF11CBFD447005D4D45 /* LaunchScreen.storyboard */; };
		8594ADFC1CBFD73D005D4D45 /* TRGreenView.m in Sources */ = {isa = PBXBuildFile; fileRef = 8594ADFB1CBFD73D005D4D45 /* TRGreenView.m */; };
/* End PBXBuildFile section */

/* Begin PBXFileReference section */
		8594ADE01CBFD447005D4D45 /* hitTest练习.app */ = {isa = PBXFileReference; explicitFileType = wrapper.application; includeInIndex = 0; path = "hitTest练习.app"; sourceTree = BUILT_PRODUCTS_DIR; };
		8594ADE41CBFD447005D4D45 /* main.m */ = {isa = PBXFileReference; lastKnownFileType = sourcecode.c.objc; path = main.m; sourceTree = "<group>"; };
		8594ADE61CBFD447005D4D45 /* AppDelegate.h */ = {isa = PBXFileReference; lastKnownFileType = sourcecode.c.h; path = AppDelegate.h; sourceTree = "<group>"; };
		8594ADE71CBFD447005D4D45 /* AppDelegate.m */ = {isa = PBXFileReference; lastKnownFileType = sourcecode.c.objc; path = AppDelegate.m; sourceTree = "<group>"; };
		8594ADE91CBFD447005D4D45 /* ViewController.h */ = {isa = PBXFileReference; lastKnownFileType = sourcecode.c.h; path = ViewController.h; sourceTree = "<group>"; };
		8594ADEA1CBFD447005D4D45 /* ViewController.m */ = {isa = PBXFileReference; lastKnownFileType = sourcecode.c.objc; path = ViewController.m; sourceTree = "<group>"; };
		8594ADED1CBFD447005D4D45 /* Base */ = {isa = PBXFileReference; lastKnownFileType = file.storyboard; name = Base; path = Base.lproj/Main.storyboard; sourceTree = "<group>"; };
		8594ADEF1CBFD447005D4D45 /* Assets.xcassets */ = {isa = PBXFileReference; lastKnownFileType = folder.assetcatalog; path = Assets.xcassets; sourceTree = "<group>"; };
		8594ADF21CBFD447005D4D45 /* Base */ = {isa = PBXFileReference; lastKnownFileType = file.storyboard; name = Base; path = Base.lproj/LaunchScreen.storyboard; sourceTree = "<group>"; };
		8594ADF41CBFD447005D4D45 /* Info.plist */ = {isa = PBXFileReference; lastKnownFileType = text.plist.xml; path = Info.plist; sourceTree = "<group>"; };
		8594ADFA1CBFD73D005D4D45 /* TRGreenView.h */ = {isa = PBXFileReference; fileEncoding = 4; lastKnownFileType = sourcecode.c.h; path = TRGreenView.h; sourceTree = "<group>"; };
		8594ADFB1CBFD73D005D4D45 /* TRGreenView.m */ = {isa = PBXFileReference; fileEncoding = 4; lastKnownFileType = sourcecode.c.objc; path = TRGreenView.m; sourceTree = "<group>"; };
/* End PBXFileReference section */

/* Begin PBXFrameworksBuildPhase section */
		8594ADDD1CBFD447005D4D45 /* Frameworks */ = {
			isa = PBXFrameworksBuildPhase;
			buildActionMask = 2147483647;
			files = (
			);
			runOnlyForDeploymentPostprocessing = 0;
		};
/* End PBXFrameworksBuildPhase section */

/* Begin PBXGroup section */
		8594ADD71CBFD447005D4D45 = {
			isa = PBXGroup;
			children = (
				8594ADE21CBFD447005D4D45 /* hitTest练习 */,
				8594ADE11CBFD447005D4D45 /* Products */,
			);
			sourceTree = "<group>";
		};
		8594ADE11CBFD447005D4D45 /* Products */ = {
			isa = PBXGroup;
			children = (
				8594ADE01CBFD447005D4D45 /* hitTest练习.app */,
			);
			name = Products;
			sourceTree = "<group>";
		};
		8594ADE21CBFD447005D4D45 /* hitTest练习 */ = {
			isa = PBXGroup;
			children = (
				8594ADE61CBFD447005D4D45 /* AppDelegate.h */,
				8594ADE71CBFD447005D4D45 /* AppDelegate.m */,
				8594ADE91CBFD447005D4D45 /* ViewController.h */,
				8594ADEA1CBFD447005D4D45 /* ViewController.m */,
				8594ADFA1CBFD73D005D4D45 /* TRGreenView.h */,
				8594ADFB1CBFD73D005D4D45 /* TRGreenView.m */,
				8594ADEC1CBFD447005D4D45 /* Main.storyboard */,
				8594ADEF1CBFD447005D4D45 /* Assets.xcassets */,
				8594ADF11CBFD447005D4D45 /* LaunchScreen.storyboard */,
				8594ADF41CBFD447005D4D45 /* Info.plist */,
				8594ADE31CBFD447005D4D45 /* Supporting Files */,
			);
			path = "hitTest练习";
			sourceTree = "<group>";
		};
		8594ADE31CBFD447005D4D45 /* Supporting Files */ = {
			isa = PBXGroup;
			children = (
				8594ADE41CBFD447005D4D45 /* main.m */,
			);
			name = "Supporting Files";
			sourceTree = "<group>";
		};
/* End PBXGroup section */

/* Begin PBXNativeTarget section */
		8594ADDF1CBFD447005D4D45 /* hitTest练习 */ = {
			isa = PBXNativeTarget;
			buildConfigurationList = 8594ADF71CBFD447005D4D45 /* Build configuration list for PBXNativeTarget "hitTest练习" */;
			buildPhases = (
				8594ADDC1CBFD447005D4D45 /* Sources */,
				8594ADDD1CBFD447005D4D45 /* Frameworks */,
				8594ADDE1CBFD447005D4D45 /* Resources */,
			);
			buildRules = (
			);
			dependencies = (
			);
			name = "hitTest练习";
			productName = "hitTest练习";
			productReference = 8594ADE01CBFD447005D4D45 /* hitTest练习.app */;
			productType = "com.apple.product-type.application";
		};
/* End PBXNativeTarget section */

/* Begin PBXProject section */
		8594ADD81CBFD447005D4D45 /* Project object */ = {
			isa = PBXProject;
			attributes = {
				LastUpgradeCheck = 0720;
				ORGANIZATIONNAME = tarena;
				TargetAttributes = {
					8594ADDF1CBFD447005D4D45 = {
						CreatedOnToolsVersion = 7.2;
					};
				};
			};
			buildConfigurationList = 8594ADDB1CBFD447005D4D45 /* Build configuration list for PBXProject "hitTest练习" */;
			compatibilityVersion = "Xcode 3.2";
			developmentRegion = English;
			hasScannedForEncodings = 0;
			knownRegions = (
				en,
				Base,
			);
			mainGroup = 8594ADD71CBFD447005D4D45;
			productRefGroup = 8594ADE11CBFD447005D4D45 /* Products */;
			projectDirPath = "";
			projectRoot = "";
			targets = (
				8594ADDF1CBFD447005D4D45 /* hitTest练习 */,
			);
		};
/* End PBXProject section */

/* Begin PBXResourcesBuildPhase section */
		8594ADDE1CBFD447005D4D45 /* Resources */ = {
			isa = PBXResourcesBuildPhase;
			buildActionMask = 2147483647;
			files = (
				8594ADF31CBFD447005D4D45 /* LaunchScreen.storyboard in Resources */,
				8594ADF01CBFD447005D4D45 /* Assets.xcassets in Resources */,
				8594ADEE1CBFD447005D4D45 /* Main.storyboard in Resources */,
			);
			runOnlyForDeploymentPostprocessing = 0;
		};
/* End PBXResourcesBuildPhase section */

/* Begin PBXSourcesBuildPhase section */
		8594ADDC1CBFD447005D4D45 /* Sources */ = {
			isa = PBXSourcesBuildPhase;
			buildActionMask = 2147483647;
			files = (
				8594ADEB1CBFD447005D4D45 /* ViewController.m in Sources */,
				8594ADE81CBFD447005D4D45 /* AppDelegate.m in Sources */,
				8594ADFC1CBFD73D005D4D45 /* TRGreenView.m in Sources */,
				8594ADE51CBFD447005D4D45 /* main.m in Sources */,
			);
			runOnlyForDeploymentPostprocessing = 0;
		};
/* End PBXSourcesBuildPhase section */

/* Begin PBXVariantGroup section */
		8594ADEC1CBFD447005D4D45 /* Main.storyboard */ = {
			isa = PBXVariantGroup;
			children = (
				8594ADED1CBFD447005D4D45 /* Base */,
			);
			name = Main.storyboard;
			sourceTree = "<group>";
		};
		8594ADF11CBFD447005D4D45 /* LaunchScreen.storyboard */ = {
			isa = PBXVariantGroup;
			children = (
				8594ADF21CBFD447005D4D45 /* Base */,
			);
			name = LaunchScreen.storyboard;
			sourceTree = "<group>";
		};
/* End PBXVariantGroup section */

/* Begin XCBuildConfiguration section */
		8594ADF51CBFD447005D4D45 /* Debug */ = {
			isa = XCBuildConfiguration;
			buildSettings = {
				ALWAYS_SEARCH_USER_PATHS = NO;
				CLANG_CXX_LANGUAGE_STANDARD = "gnu++0x";
				CLANG_CXX_LIBRARY = "libc++";
				CLANG_ENABLE_MODULES = YES;
				CLANG_ENABLE_OBJC_ARC = YES;
				CLANG_WARN_BOOL_CONVERSION = YES;
				CLANG_WARN_CONSTANT_CONVERSION = YES;
				CLANG_WARN_DIRECT_OBJC_ISA_USAGE = YES_ERROR;
				CLANG_WARN_EMPTY_BODY = YES;
				CLANG_WARN_ENUM_CONVERSION = YES;
				CLANG_WARN_INT_CONVERSION = YES;
				CLANG_WARN_OBJC_ROOT_CLASS = YES_ERROR;
				CLANG_WARN_UNREACHABLE_CODE = YES;
				CLANG_WARN__DUPLICATE_METHOD_MATCH = YES;
				"CODE_SIGN_IDENTITY[sdk=iphoneos*]" = "iPhone Developer";
				COPY_PHASE_STRIP = NO;
				DEBUG_INFORMATION_FORMAT = dwarf;
				ENABLE_STRICT_OBJC_MSGSEND = YES;
				ENABLE_TESTABILITY = YES;
				GCC_C_LANGUAGE_STANDARD = gnu99;
				GCC_DYNAMIC_NO_PIC = NO;
				GCC_NO_COMMON_BLOCKS = YES;
				GCC_OPTIMIZATION_LEVEL = 0;
				GCC_PREPROCESSOR_DEFINITIONS = (
					"DEBUG=1",
					"$(inherited)",
				);
				GCC_WARN_64_TO_32_BIT_CONVERSION = YES;
				GCC_WARN_ABOUT_RETURN_TYPE = YES_ERROR;
				GCC_WARN_UNDECLARED_SELECTOR = YES;
				GCC_WARN_UNINITIALIZED_AUTOS = YES_AGGRESSIVE;
				GCC_WARN_UNUSED_FUNCTION = YES;
				GCC_WARN_UNUSED_VARIABLE = YES;
				IPHONEOS_DEPLOYMENT_TARGET = 9.2;
				MTL_ENABLE_DEBUG_INFO = YES;
				ONLY_ACTIVE_ARCH = YES;
				SDKROOT = iphoneos;
			};
			name = Debug;
		};
		8594ADF61CBFD447005D4D45 /* Release */ = {
			isa = XCBuildConfiguration;
			buildSettings = {
				ALWAYS_SEARCH_USER_PATHS = NO;
				CLANG_CXX_LANGUAGE_STANDARD = "gnu++0x";
				CLANG_CXX_LIBRARY = "libc++";
				CLANG_ENABLE_MODULES = YES;
				CLANG_ENABLE_OBJC_ARC = YES;
				CLANG_WARN_BOOL_CONVERSION = YES;
				CLANG_WARN_CONSTANT_CONVERSION = YES;
				CLANG_WARN_DIRECT_OBJC_ISA_USAGE = YES_ERROR;
				CLANG_WARN_EMPTY_BODY = YES;
				CLANG_WARN_ENUM_CONVERSION = YES;
				CLANG_WARN_INT_CONVERSION = YES;
				CLANG_WARN_OBJC_ROOT_CLASS = YES_ERROR;
				CLANG_WARN_UNREACHABLE_CODE = YES;
				CLANG_WARN__DUPLICATE_METHOD_MATCH = YES;
				"CODE_SIGN_IDENTITY[sdk=iphoneos*]" = "iPhone Developer";
				COPY_PHASE_STRIP = NO;
				DEBUG_INFORMATION_FORMAT = "dwarf-with-dsym";
				ENABLE_NS_ASSERTIONS = NO;
				ENABLE_STRICT_OBJC_MSGSEND = YES;
				GCC_C_LANGUAGE_STANDARD = gnu99;
				GCC_NO_COMMON_BLOCKS = YES;
				GCC_WARN_64_TO_32_BIT_CONVERSION = YES;
				GCC_WARN_ABOUT_RETURN_TYPE = YES_ERROR;
				GCC_WARN_UNDECLARED_SELECTOR = YES;
				GCC_WARN_UNINITIALIZED_AUTOS = YES_AGGRESSIVE;
				GCC_WARN_UNUSED_FUNCTION = YES;
				GCC_WARN_UNUSED_VARIABLE = YES;
				IPHONEOS_DEPLOYMENT_TARGET = 9.2;
				MTL_ENABLE_DEBUG_INFO = NO;
				SDKROOT = iphoneos;
				VALIDATE_PRODUCT = YES;
			};
			name = Release;
		};
		8594ADF81CBFD447005D4D45 /* Debug */ = {
			isa = XCBuildConfiguration;
			buildSettings = {
				ASSETCATALOG_COMPILER_APPICON_NAME = AppIcon;
				INFOPLIST_FILE = "hitTest练习/Info.plist";
				LD_RUNPATH_SEARCH_PATHS = "$(inherited) @executable_path/Frameworks";
				PRODUCT_BUNDLE_IDENTIFIER = "com.tarena.hitTest--";
				PRODUCT_NAME = "$(TARGET_NAME)";
			};
			name = Debug;
		};
		8594ADF91CBFD447005D4D45 /* Release */ = {
			isa = XCBuildConfiguration;
			buildSettings = {
				ASSETCATALOG_COMPILER_APPICON_NAME = AppIcon;
				INFOPLIST_FILE = "hitTest练习/Info.plist";
				LD_RUNPATH_SEARCH_PATHS = "$(inherited) @executable_path/Frameworks";
				PRODUCT_BUNDLE_IDENTIFIER = "com.tarena.hitTest--";
				PRODUCT_NAME = "$(TARGET_NAME)";
			};
			name = Release;
		};
/* End XCBuildConfiguration section */

/* Begin XCConfigurationList section */
		8594ADDB1CBFD447005D4D45 /* Build configuration list for PBXProject "hitTest练习" */ = {
			isa = XCConfigurationList;
			buildConfigurations = (
				8594ADF51CBFD447005D4D45 /* Debug */,
				8594ADF61CBFD447005D4D45 /* Release */,
			);
			defaultConfigurationIsVisible = 0;
			defaultConfigurationName = Release;
		};
		8594ADF71CBFD447005D4D45 /* Build configuration list for PBXNativeTarget "hitTest练习" */ = {
			isa = XCConfigurationList;
			buildConfigurations = (
				8594ADF81CBFD447005D4D45 /* Debug */,
				8594ADF91CBFD447005D4D45 /* Release */,
			);
			defaultConfigurationIsVisible = 0;
		};
/* End XCConfigurationList section */
	};
	rootObject = 8594ADD81CBFD447005D4D45 /* Project object */;
}
